
Microsoft Visual Studio Solution File, Format Version 12.00
# Visual Studio Version 16
VisualStudioVersion = 16.0.29911.84
MinimumVisualStudioVersion = 15.0.26124.0
Project("{9A19103F-16F7-4668-BE54-9A1E7A4F7556}") = "Root", "Root\Root.csproj", "{56321A3F-BB3F-4DD3-8701-025959E4B871}"
EndProject
Project("{9A19103F-16F7-4668-BE54-9A1E7A4F7556}") = "Inner", "Inner\Inner.csproj", "{33C8BDC1-50B5-4954-956F-A2EA5B4BB760}"
EndProject
Global
	GlobalSection(SolutionConfigurationPlatforms) = preSolution
		Debug|Any CPU = Debug|Any CPU
		Debug|x64 = Debug|x64
		Debug|x86 = Debug|x86
		Release|Any CPU = Release|Any CPU
		Release|x64 = Release|x64
		Release|x86 = Release|x86
	EndGlobalSection
	GlobalSection(ProjectConfigurationPlatforms) = postSolution
		{56321A3F-BB3F-4DD3-8701-025959E4B871}.Debug|Any CPU.ActiveCfg = Debug|Any CPU
		{56321A3F-BB3F-4DD3-8701-025959E4B871}.Debug|Any CPU.Build.0 = Debug|Any CPU
		{56321A3F-BB3F-4DD3-8701-025959E4B871}.Debug|x64.ActiveCfg = Debug|Any CPU
		{56321A3F-BB3F-4DD3-8701-025959E4B871}.Debug|x64.Build.0 = Debug|Any CPU
		{56321A3F-BB3F-4DD3-8701-025959E4B871}.Debug|x86.ActiveCfg = Debug|Any CPU
		{56321A3F-BB3F-4DD3-8701-025959E4B871}.Debug|x86.Build.0 = Debug|Any CPU
		{56321A3F-BB3F-4DD3-8701-025959E4B871}.Release|Any CPU.ActiveCfg = Release|Any CPU
		{56321A3F-BB3F-4DD3-8701-025959E4B871}.Release|Any CPU.Build.0 = Release|Any CPU
		{56321A3F-BB3F-4DD3-8701-025959E4B871}.Release|x64.ActiveCfg = Release|Any CPU
		{56321A3F-BB3F-4DD3-8701-025959E4B871}.Release|x64.Build.0 = Release|Any CPU
		{56321A3F-BB3F-4DD3-8701-025959E4B871}.Release|x86.ActiveCfg = Release|Any CPU
		{56321A3F-BB3F-4DD3-8701-025959E4B871}.Release|x86.Build.0 = Release|Any CPU
		{33C8BDC1-50B5-4954-956F-A2EA5B4BB760}.Debug|Any CPU.ActiveCfg = Debug|Any CPU
		{33C8BDC1-50B5-4954-956F-A2EA5B4BB760}.Debug|Any CPU.Build.0 = Debug|Any CPU
		{33C8BDC1-50B5-4954-956F-A2EA5B4BB760}.Debug|x64.ActiveCfg = Debug|Any CPU
		{33C8BDC1-50B5-4954-956F-A2EA5B4BB760}.Debug|x64.Build.0 = Debug|Any CPU
		{33C8BDC1-50B5-4954-956F-A2EA5B4BB760}.Debug|x86.ActiveCfg = Debug|Any CPU
		{33C8BDC1-50B5-4954-956F-A2EA5B4BB760}.Debug|x86.Build.0 = Debug|Any CPU
		{33C8BDC1-50B5-4954-956F-A2EA5B4BB760}.Release|Any CPU.ActiveCfg = Release|Any CPU
		{33C8BDC1-50B5-4954-956F-A2EA5B4BB760}.Release|Any CPU.Build.0 = Release|Any CPU
		{33C8BDC1-50B5-4954-956F-A2EA5B4BB760}.Release|x64.ActiveCfg = Release|Any CPU
		{33C8BDC1-50B5-4954-956F-A2EA5B4BB760}.Release|x64.Build.0 = Release|Any CPU
		{33C8BDC1-50B5-4954-956F-A2EA5B4BB760}.Release|x86.ActiveCfg = Release|Any CPU
		{33C8BDC1-50B5-4954-956F-A2EA5B4BB760}.Release|x86.Build.0 = Release|Any CPU
	EndGlobalSection
	GlobalSection(SolutionProperties) = preSolution
		HideSolutionNode = FALSE
	EndGlobalSection
	GlobalSection(ExtensibilityGlobals) = postSolution
		SolutionGuid = {1B74E06F-B8B0-4B4D-A677-9640E1EA612F}
	EndGlobalSection
EndGlobal
